// !$*UTF8*$!
{
	archiveVersion = 1;
	classes = {
	};
	objectVersion = 46;
	objects = {

/* Begin PBXBuildFile section */
		CEA87EB7148CE2F300F1C925 /* UIKit.framework in Frameworks */ = {isa = PBXBuildFile; fileRef = CEA87EB6148CE2F300F1C925 /* UIKit.framework */; };
		CEA87EB9148CE2F300F1C925 /* Foundation.framework in Frameworks */ = {isa = PBXBuildFile; fileRef = CEA87EB8148CE2F300F1C925 /* Foundation.framework */; };
		CEA87EBB148CE2F300F1C925 /* CoreGraphics.framework in Frameworks */ = {isa = PBXBuildFile; fileRef = CEA87EBA148CE2F300F1C925 /* CoreGraphics.framework */; };
		CEA87EC1148CE2F300F1C925 /* InfoPlist.strings in Resources */ = {isa = PBXBuildFile; fileRef = CEA87EBF148CE2F300F1C925 /* InfoPlist.strings */; };
		CEA87EC3148CE2F300F1C925 /* main.m in Sources */ = {isa = PBXBuildFile; fileRef = CEA87EC2148CE2F300F1C925 /* main.m */; };
		CEA87EC7148CE2F300F1C925 /* AppDelegate.m in Sources */ = {isa = PBXBuildFile; fileRef = CEA87EC6148CE2F300F1C925 /* AppDelegate.m */; };
		CEA87ECA148CE2F300F1C925 /* ViewController.m in Sources */ = {isa = PBXBuildFile; fileRef = CEA87EC9148CE2F300F1C925 /* ViewController.m */; };
		CEA87ECD148CE2F300F1C925 /* ViewController_iPhone.xib in Resources */ = {isa = PBXBuildFile; fileRef = CEA87ECB148CE2F300F1C925 /* ViewController_iPhone.xib */; };
		CEA87ED0148CE2F400F1C925 /* ViewController_iPad.xib in Resources */ = {isa = PBXBuildFile; fileRef = CEA87ECE148CE2F400F1C925 /* ViewController_iPad.xib */; };
		CEA87ED9148CE31000F1C925 /* CustomScrollView.m in Sources */ = {isa = PBXBuildFile; fileRef = CEA87ED8148CE31000F1C925 /* CustomScrollView.m */; };
/* End PBXBuildFile section */

/* Begin PBXFileReference section */
		CEA87EB2148CE2F300F1C925 /* ContinuousScrollingViewer.app */ = {isa = PBXFileReference; explicitFileType = wrapper.application; includeInIndex = 0; path = ContinuousScrollingViewer.app; sourceTree = BUILT_PRODUCTS_DIR; };
		CEA87EB6148CE2F300F1C925 /* UIKit.framework */ = {isa = PBXFileReference; lastKnownFileType = wrapper.framework; name = UIKit.framework; path = System/Library/Frameworks/UIKit.framework; sourceTree = SDKROOT; };
		CEA87EB8148CE2F300F1C925 /* Foundation.framework */ = {isa = PBXFileReference; lastKnownFileType = wrapper.framework; name = Foundation.framework; path = System/Library/Frameworks/Foundation.framework; sourceTree = SDKROOT; };
		CEA87EBA148CE2F300F1C925 /* CoreGraphics.framework */ = {isa = PBXFileReference; lastKnownFileType = wrapper.framework; name = CoreGraphics.framework; path = System/Library/Frameworks/CoreGraphics.framework; sourceTree = SDKROOT; };
		CEA87EBE148CE2F300F1C925 /* ContinuousScrollingViewer-Info.plist */ = {isa = PBXFileReference; lastKnownFileType = text.plist.xml; path = "ContinuousScrollingViewer-Info.plist"; sourceTree = "<group>"; };
		CEA87EC0148CE2F300F1C925 /* en */ = {isa = PBXFileReference; lastKnownFileType = text.plist.strings; name = en; path = en.lproj/InfoPlist.strings; sourceTree = "<group>"; };
		CEA87EC2148CE2F300F1C925 /* main.m */ = {isa = PBXFileReference; lastKnownFileType = sourcecode.c.objc; path = main.m; sourceTree = "<group>"; };
		CEA87EC4148CE2F300F1C925 /* ContinuousScrollingViewer-Prefix.pch */ = {isa = PBXFileReference; lastKnownFileType = sourcecode.c.h; path = "ContinuousScrollingViewer-Prefix.pch"; sourceTree = "<group>"; };
		CEA87EC5148CE2F300F1C925 /* AppDelegate.h */ = {isa = PBXFileReference; lastKnownFileType = sourcecode.c.h; path = AppDelegate.h; sourceTree = "<group>"; };
		CEA87EC6148CE2F300F1C925 /* AppDelegate.m */ = {isa = PBXFileReference; lastKnownFileType = sourcecode.c.objc; path = AppDelegate.m; sourceTree = "<group>"; };
		CEA87EC8148CE2F300F1C925 /* ViewController.h */ = {isa = PBXFileReference; lastKnownFileType = sourcecode.c.h; path = ViewController.h; sourceTree = "<group>"; };
		CEA87EC9148CE2F300F1C925 /* ViewController.m */ = {isa = PBXFileReference; lastKnownFileType = sourcecode.c.objc; path = ViewController.m; sourceTree = "<group>"; };
		CEA87ECC148CE2F300F1C925 /* en */ = {isa = PBXFileReference; lastKnownFileType = file.xib; name = en; path = en.lproj/ViewController_iPhone.xib; sourceTree = "<group>"; };
		CEA87ECF148CE2F400F1C925 /* en */ = {isa = PBXFileReference; lastKnownFileType = file.xib; name = en; path = en.lproj/ViewController_iPad.xib; sourceTree = "<group>"; };
		CEA87ED7148CE31000F1C925 /* CustomScrollView.h */ = {isa = PBXFileReference; fileEncoding = 4; lastKnownFileType = sourcecode.c.h; path = CustomScrollView.h; sourceTree = "<group>"; };
		CEA87ED8148CE31000F1C925 /* CustomScrollView.m */ = {isa = PBXFileReference; fileEncoding = 4; lastKnownFileType = sourcecode.c.objc; path = CustomScrollView.m; sourceTree = "<group>"; };
/* End PBXFileReference section */

/* Begin PBXFrameworksBuildPhase section */
		CEA87EAF148CE2F300F1C925 /* Frameworks */ = {
			isa = PBXFrameworksBuildPhase;
			buildActionMask = 2147483647;
			files = (
				CEA87EB7148CE2F300F1C925 /* UIKit.framework in Frameworks */,
				CEA87EB9148CE2F300F1C925 /* Foundation.framework in Frameworks */,
				CEA87EBB148CE2F300F1C925 /* CoreGraphics.framework in Frameworks */,
			);
			runOnlyForDeploymentPostprocessing = 0;
		};
/* End PBXFrameworksBuildPhase section */

/* Begin PBXGroup section */
		CEA87EA7148CE2F300F1C925 = {
			isa = PBXGroup;
			children = (
				CEA87ED6148CE31000F1C925 /* CustomScrollView */,
				CEA87EBC148CE2F300F1C925 /* ContinuousScrollingViewer */,
				CEA87EB5148CE2F300F1C925 /* Frameworks */,
				CEA87EB3148CE2F300F1C925 /* Products */,
			);
			sourceTree = "<group>";
		};
		CEA87EB3148CE2F300F1C925 /* Products */ = {
			isa = PBXGroup;
			children = (
				CEA87EB2148CE2F300F1C925 /* ContinuousScrollingViewer.app */,
			);
			name = Products;
			sourceTree = "<group>";
		};
		CEA87EB5148CE2F300F1C925 /* Frameworks */ = {
			isa = PBXGroup;
			children = (
				CEA87EB6148CE2F300F1C925 /* UIKit.framework */,
				CEA87EB8148CE2F300F1C925 /* Foundation.framework */,
				CEA87EBA148CE2F300F1C925 /* CoreGraphics.framework */,
			);
			name = Frameworks;
			sourceTree = "<group>";
		};
		CEA87EBC148CE2F300F1C925 /* ContinuousScrollingViewer */ = {
			isa = PBXGroup;
			children = (
				CEA87EC5148CE2F300F1C925 /* AppDelegate.h */,
				CEA87EC6148CE2F300F1C925 /* AppDelegate.m */,
				CEA87EC8148CE2F300F1C925 /* ViewController.h */,
				CEA87EC9148CE2F300F1C925 /* ViewController.m */,
				CEA87ECB148CE2F300F1C925 /* ViewController_iPhone.xib */,
				CEA87ECE148CE2F400F1C925 /* ViewController_iPad.xib */,
				CEA87EBD148CE2F300F1C925 /* Supporting Files */,
			);
			path = ContinuousScrollingViewer;
			sourceTree = "<group>";
		};
		CEA87EBD148CE2F300F1C925 /* Supporting Files */ = {
			isa = PBXGroup;
			children = (
				CEA87EBE148CE2F300F1C925 /* ContinuousScrollingViewer-Info.plist */,
				CEA87EBF148CE2F300F1C925 /* InfoPlist.strings */,
				CEA87EC2148CE2F300F1C925 /* main.m */,
				CEA87EC4148CE2F300F1C925 /* ContinuousScrollingViewer-Prefix.pch */,
			);
			name = "Supporting Files";
			sourceTree = "<group>";
		};
		CEA87ED6148CE31000F1C925 /* CustomScrollView */ = {
			isa = PBXGroup;
			children = (
				CEA87ED7148CE31000F1C925 /* CustomScrollView.h */,
				CEA87ED8148CE31000F1C925 /* CustomScrollView.m */,
			);
			path = CustomScrollView;
			sourceTree = "<group>";
		};
/* End PBXGroup section */

/* Begin PBXNativeTarget section */
		CEA87EB1148CE2F300F1C925 /* ContinuousScrollingViewer */ = {
			isa = PBXNativeTarget;
			buildConfigurationList = CEA87ED3148CE2F400F1C925 /* Build configuration list for PBXNativeTarget "ContinuousScrollingViewer" */;
			buildPhases = (
				CEA87EAE148CE2F300F1C925 /* Sources */,
				CEA87EAF148CE2F300F1C925 /* Frameworks */,
				CEA87EB0148CE2F300F1C925 /* Resources */,
			);
			buildRules = (
			);
			dependencies = (
			);
			name = ContinuousScrollingViewer;
			productName = ContinuousScrollingViewer;
			productReference = CEA87EB2148CE2F300F1C925 /* ContinuousScrollingViewer.app */;
			productType = "com.apple.product-type.application";
		};
/* End PBXNativeTarget section */

/* Begin PBXProject section */
		CEA87EA9148CE2F300F1C925 /* Project object */ = {
			isa = PBXProject;
			attributes = {
				LastUpgradeCheck = 0420;
			};
			buildConfigurationList = CEA87EAC148CE2F300F1C925 /* Build configuration list for PBXProject "ContinuousScrollingViewer" */;
			compatibilityVersion = "Xcode 3.2";
			developmentRegion = English;
			hasScannedForEncodings = 0;
			knownRegions = (
				en,
			);
			mainGroup = CEA87EA7148CE2F300F1C925;
			productRefGroup = CEA87EB3148CE2F300F1C925 /* Products */;
			projectDirPath = "";
			projectRoot = "";
			targets = (
				CEA87EB1148CE2F300F1C925 /* ContinuousScrollingViewer */,
			);
		};
/* End PBXProject section */

/* Begin PBXResourcesBuildPhase section */
		CEA87EB0148CE2F300F1C925 /* Resources */ = {
			isa = PBXResourcesBuildPhase;
			buildActionMask = 2147483647;
			files = (
				CEA87EC1148CE2F300F1C925 /* InfoPlist.strings in Resources */,
				CEA87ECD148CE2F300F1C925 /* ViewController_iPhone.xib in Resources */,
				CEA87ED0148CE2F400F1C925 /* ViewController_iPad.xib in Resources */,
			);
			runOnlyForDeploymentPostprocessing = 0;
		};
/* End PBXResourcesBuildPhase section */

/* Begin PBXSourcesBuildPhase section */
		CEA87EAE148CE2F300F1C925 /* Sources */ = {
			isa = PBXSourcesBuildPhase;
			buildActionMask = 2147483647;
			files = (
				CEA87EC3148CE2F300F1C925 /* main.m in Sources */,
				CEA87EC7148CE2F300F1C925 /* AppDelegate.m in Sources */,
				CEA87ECA148CE2F300F1C925 /* ViewController.m in Sources */,
				CEA87ED9148CE31000F1C925 /* CustomScrollView.m in Sources */,
			);
			runOnlyForDeploymentPostprocessing = 0;
		};
/* End PBXSourcesBuildPhase section */

/* Begin PBXVariantGroup section */
		CEA87EBF148CE2F300F1C925 /* InfoPlist.strings */ = {
			isa = PBXVariantGroup;
			children = (
				CEA87EC0148CE2F300F1C925 /* en */,
			);
			name = InfoPlist.strings;
			sourceTree = "<group>";
		};
		CEA87ECB148CE2F300F1C925 /* ViewController_iPhone.xib */ = {
			isa = PBXVariantGroup;
			children = (
				CEA87ECC148CE2F300F1C925 /* en */,
			);
			name = ViewController_iPhone.xib;
			sourceTree = "<group>";
		};
		CEA87ECE148CE2F400F1C925 /* ViewController_iPad.xib */ = {
			isa = PBXVariantGroup;
			children = (
				CEA87ECF148CE2F400F1C925 /* en */,
			);
			name = ViewController_iPad.xib;
			sourceTree = "<group>";
		};
/* End PBXVariantGroup section */

/* Begin XCBuildConfiguration section */
		CEA87ED1148CE2F400F1C925 /* Debug */ = {
			isa = XCBuildConfiguration;
			buildSettings = {
				ALWAYS_SEARCH_USER_PATHS = NO;
				ARCHS = "$(ARCHS_STANDARD_32_BIT)";
				CLANG_ENABLE_OBJC_ARC = YES;
				"CODE_SIGN_IDENTITY[sdk=iphoneos*]" = "iPhone Developer";
				COPY_PHASE_STRIP = NO;
				GCC_C_LANGUAGE_STANDARD = gnu99;
				GCC_DYNAMIC_NO_PIC = NO;
				GCC_OPTIMIZATION_LEVEL = 0;
				GCC_PREPROCESSOR_DEFINITIONS = (
					"DEBUG=1",
					"$(inherited)",
				);
				GCC_SYMBOLS_PRIVATE_EXTERN = NO;
				GCC_VERSION = com.apple.compilers.llvm.clang.1_0;
				GCC_WARN_ABOUT_MISSING_PROTOTYPES = YES;
				GCC_WARN_ABOUT_RETURN_TYPE = YES;
				GCC_WARN_UNUSED_VARIABLE = YES;
				IPHONEOS_DEPLOYMENT_TARGET = 5.0;
				SDKROOT = iphoneos;
				TARGETED_DEVICE_FAMILY = "1,2";
			};
			name = Debug;
		};
		CEA87ED2148CE2F400F1C925 /* Release */ = {
			isa = XCBuildConfiguration;
			buildSettings = {
				ALWAYS_SEARCH_USER_PATHS = NO;
				ARCHS = "$(ARCHS_STANDARD_32_BIT)";
				CLANG_ENABLE_OBJC_ARC = YES;
				"CODE_SIGN_IDENTITY[sdk=iphoneos*]" = "iPhone Developer";
				COPY_PHASE_STRIP = YES;
				GCC_C_LANGUAGE_STANDARD = gnu99;
				GCC_VERSION = com.apple.compilers.llvm.clang.1_0;
				GCC_WARN_ABOUT_MISSING_PROTOTYPES = YES;
				GCC_WARN_ABOUT_RETURN_TYPE = YES;
				GCC_WARN_UNUSED_VARIABLE = YES;
				IPHONEOS_DEPLOYMENT_TARGET = 5.0;
				OTHER_CFLAGS = "-DNS_BLOCK_ASSERTIONS=1";
				SDKROOT = iphoneos;
				TARGETED_DEVICE_FAMILY = "1,2";
				VALIDATE_PRODUCT = YES;
			};
			name = Release;
		};
		CEA87ED4148CE2F400F1C925 /* Debug */ = {
			isa = XCBuildConfiguration;
			buildSettings = {
				GCC_PRECOMPILE_PREFIX_HEADER = YES;
				GCC_PREFIX_HEADER = "ContinuousScrollingViewer/ContinuousScrollingViewer-Prefix.pch";
				INFOPLIST_FILE = "ContinuousScrollingViewer/ContinuousScrollingViewer-Info.plist";
				PRODUCT_NAME = "$(TARGET_NAME)";
				WRAPPER_EXTENSION = app;
			};
			name = Debug;
		};
		CEA87ED5148CE2F400F1C925 /* Release */ = {
			isa = XCBuildConfiguration;
			buildSettings = {
				GCC_PRECOMPILE_PREFIX_HEADER = YES;
				GCC_PREFIX_HEADER = "ContinuousScrollingViewer/ContinuousScrollingViewer-Prefix.pch";
				INFOPLIST_FILE = "ContinuousScrollingViewer/ContinuousScrollingViewer-Info.plist";
				PRODUCT_NAME = "$(TARGET_NAME)";
				WRAPPER_EXTENSION = app;
			};
			name = Release;
		};
/* End XCBuildConfiguration section */

/* Begin XCConfigurationList section */
		CEA87EAC148CE2F300F1C925 /* Build configuration list for PBXProject "ContinuousScrollingViewer" */ = {
			isa = XCConfigurationList;
			buildConfigurations = (
				CEA87ED1148CE2F400F1C925 /* Debug */,
				CEA87ED2148CE2F400F1C925 /* Release */,
			);
			defaultConfigurationIsVisible = 0;
			defaultConfigurationName = Release;
		};
		CEA87ED3148CE2F400F1C925 /* Build configuration list for PBXNativeTarget "ContinuousScrollingViewer" */ = {
			isa = XCConfigurationList;
			buildConfigurations = (
				CEA87ED4148CE2F400F1C925 /* Debug */,
				CEA87ED5148CE2F400F1C925 /* Release */,
			);
			defaultConfigurationIsVisible = 0;
		};
/* End XCConfigurationList section */
	};
	rootObject = CEA87EA9148CE2F300F1C925 /* Project object */;
}
